
Microsoft Visual Studio Solution File, Format Version 12.00
# Visual Studio 15
VisualStudioVersion = 15.0.27130.2020
MinimumVisualStudioVersion = 10.0.40219.1
Project("{FAE04EC0-301F-11D3-BF4B-00C04F79EFBC}") = "NetCoreWebAPI", "NetCoreWebAPI\NetCoreWebAPI.csproj", "{20A252DC-8CE1-4A38-8038-DF54C488AC59}"
EndProject
Global
	GlobalSection(SolutionConfigurationPlatforms) = preSolution
		Debug|Any CPU = Debug|Any CPU
		Release|Any CPU = Release|Any CPU
	EndGlobalSection
	GlobalSection(ProjectConfigurationPlatforms) = postSolution
		{20A252DC-8CE1-4A38-8038-DF54C488AC59}.Debug|Any CPU.ActiveCfg = Debug|Any CPU
		{20A252DC-8CE1-4A38-8038-DF54C488AC59}.Debug|Any CPU.Build.0 = Debug|Any CPU
		{20A252DC-8CE1-4A38-8038-DF54C488AC59}.Release|Any CPU.ActiveCfg = Release|Any CPU
		{20A252DC-8CE1-4A38-8038-DF54C488AC59}.Release|Any CPU.Build.0 = Release|Any CPU
	EndGlobalSection
	GlobalSection(SolutionProperties) = preSolution
		HideSolutionNode = FALSE
	EndGlobalSection
	GlobalSection(ExtensibilityGlobals) = postSolution
		SolutionGuid = {5364621F-CC4A-490A-8AA1-C072F887A2B8}
	EndGlobalSection
EndGlobal
